
Microsoft Visual Studio Solution File, Format Version 12.00
# Visual Studio Version 17
VisualStudioVersion = 17.3.32901.215
MinimumVisualStudioVersion = 10.0.40219.1
Project("{9A19103F-16F7-4668-BE54-9A1E7A4F7556}") = "outlookCalendarApi", "outlookCalendarApi.csproj", "{FE863D48-2ADD-41B9-B91F-7BC485328225}"
EndProject
Project("{E53339B2-1760-4266-BCC7-CA923CBCF16C}") = "docker-compose", "docker-compose.dcproj", "{4AAD93D0-46AD-425F-96BD-A5B150DF8140}"
EndProject
Project("{FAE04EC0-301F-11D3-BF4B-00C04F79EFBC}") = "Application", "..\Application\Application.csproj", "{AC8A5D67-3F07-474D-961C-BFFC341D3961}"
EndProject
Project("{FAE04EC0-301F-11D3-BF4B-00C04F79EFBC}") = "Domain", "..\Domain\Domain.csproj", "{AAD7B5DB-86B9-4B16-BB66-35887CEF99D7}"
EndProject
Project("{FAE04EC0-301F-11D3-BF4B-00C04F79EFBC}") = "Infrastructure", "..\Infrastructure\Infrastructure.csproj", "{5C7753BB-A59F-4DE1-8C29-5B1B5CFA939F}"
EndProject
Global
	GlobalSection(SolutionConfigurationPlatforms) = preSolution
		Debug|Any CPU = Debug|Any CPU
		Release|Any CPU = Release|Any CPU
	EndGlobalSection
	GlobalSection(ProjectConfigurationPlatforms) = postSolution
		{FE863D48-2ADD-41B9-B91F-7BC485328225}.Debug|Any CPU.ActiveCfg = Debug|Any CPU
		{FE863D48-2ADD-41B9-B91F-7BC485328225}.Debug|Any CPU.Build.0 = Debug|Any CPU
		{FE863D48-2ADD-41B9-B91F-7BC485328225}.Release|Any CPU.ActiveCfg = Release|Any CPU
		{FE863D48-2ADD-41B9-B91F-7BC485328225}.Release|Any CPU.Build.0 = Release|Any CPU
		{4AAD93D0-46AD-425F-96BD-A5B150DF8140}.Debug|Any CPU.ActiveCfg = Debug|Any CPU
		{4AAD93D0-46AD-425F-96BD-A5B150DF8140}.Debug|Any CPU.Build.0 = Debug|Any CPU
		{4AAD93D0-46AD-425F-96BD-A5B150DF8140}.Release|Any CPU.ActiveCfg = Release|Any CPU
		{4AAD93D0-46AD-425F-96BD-A5B150DF8140}.Release|Any CPU.Build.0 = Release|Any CPU
		{AC8A5D67-3F07-474D-961C-BFFC341D3961}.Debug|Any CPU.ActiveCfg = Debug|Any CPU
		{AC8A5D67-3F07-474D-961C-BFFC341D3961}.Debug|Any CPU.Build.0 = Debug|Any CPU
		{AC8A5D67-3F07-474D-961C-BFFC341D3961}.Release|Any CPU.ActiveCfg = Release|Any CPU
		{AC8A5D67-3F07-474D-961C-BFFC341D3961}.Release|Any CPU.Build.0 = Release|Any CPU
		{AAD7B5DB-86B9-4B16-BB66-35887CEF99D7}.Debug|Any CPU.ActiveCfg = Debug|Any CPU
		{AAD7B5DB-86B9-4B16-BB66-35887CEF99D7}.Debug|Any CPU.Build.0 = Debug|Any CPU
		{AAD7B5DB-86B9-4B16-BB66-35887CEF99D7}.Release|Any CPU.ActiveCfg = Release|Any CPU
		{AAD7B5DB-86B9-4B16-BB66-35887CEF99D7}.Release|Any CPU.Build.0 = Release|Any CPU
		{5C7753BB-A59F-4DE1-8C29-5B1B5CFA939F}.Debug|Any CPU.ActiveCfg = Debug|Any CPU
		{5C7753BB-A59F-4DE1-8C29-5B1B5CFA939F}.Debug|Any CPU.Build.0 = Debug|Any CPU
		{5C7753BB-A59F-4DE1-8C29-5B1B5CFA939F}.Release|Any CPU.ActiveCfg = Release|Any CPU
		{5C7753BB-A59F-4DE1-8C29-5B1B5CFA939F}.Release|Any CPU.Build.0 = Release|Any CPU
	EndGlobalSection
	GlobalSection(SolutionProperties) = preSolution
		HideSolutionNode = FALSE
	EndGlobalSection
	GlobalSection(ExtensibilityGlobals) = postSolution
		SolutionGuid = {6A64F229-8009-4043-9AED-AFCD116001BA}
	EndGlobalSection
EndGlobal
